
Microsoft Visual Studio Solution File, Format Version 12.00
# Visual Studio 15
VisualStudioVersion = 15.0.28307.271
MinimumVisualStudioVersion = 10.0.40219.1
Project("{FAE04EC0-301F-11D3-BF4B-00C04F79EFBC}") = "Math Quiz", "Math Quiz\Math Quiz.csproj", "{67C702A2-108A-451B-9653-8737A0EE3640}"
EndProject
Global
	GlobalSection(SolutionConfigurationPlatforms) = preSolution
		Debug|Any CPU = Debug|Any CPU
		Release|Any CPU = Release|Any CPU
	EndGlobalSection
	GlobalSection(ProjectConfigurationPlatforms) = postSolution
		{67C702A2-108A-451B-9653-8737A0EE3640}.Debug|Any CPU.ActiveCfg = Debug|Any CPU
		{67C702A2-108A-451B-9653-8737A0EE3640}.Debug|Any CPU.Build.0 = Debug|Any CPU
		{67C702A2-108A-451B-9653-8737A0EE3640}.Release|Any CPU.ActiveCfg = Release|Any CPU
		{67C702A2-108A-451B-9653-8737A0EE3640}.Release|Any CPU.Build.0 = Release|Any CPU
	EndGlobalSection
	GlobalSection(SolutionProperties) = preSolution
		HideSolutionNode = FALSE
	EndGlobalSection
	GlobalSection(ExtensibilityGlobals) = postSolution
		SolutionGuid = {6FD22949-0F7C-4D7B-BCA5-0EE788847D13}
	EndGlobalSection
EndGlobal
